
Microsoft Visual Studio Solution File, Format Version 12.00
# Visual Studio 15
VisualStudioVersion = 15.0.26730.16
MinimumVisualStudioVersion = 10.0.40219.1
Project("{FAE04EC0-301F-11D3-BF4B-00C04F79EFBC}") = "AzureBackup", "AzureBackup\AzureBackup.csproj", "{036D12AA-2268-4C49-B446-AE4C0EFDE61A}"
EndProject
Global
	GlobalSection(SolutionConfigurationPlatforms) = preSolution
		Debug|Any CPU = Debug|Any CPU
		Release|Any CPU = Release|Any CPU
	EndGlobalSection
	GlobalSection(ProjectConfigurationPlatforms) = postSolution
		{036D12AA-2268-4C49-B446-AE4C0EFDE61A}.Debug|Any CPU.ActiveCfg = Debug|Any CPU
		{036D12AA-2268-4C49-B446-AE4C0EFDE61A}.Debug|Any CPU.Build.0 = Debug|Any CPU
		{036D12AA-2268-4C49-B446-AE4C0EFDE61A}.Release|Any CPU.ActiveCfg = Release|Any CPU
		{036D12AA-2268-4C49-B446-AE4C0EFDE61A}.Release|Any CPU.Build.0 = Release|Any CPU
	EndGlobalSection
	GlobalSection(SolutionProperties) = preSolution
		HideSolutionNode = FALSE
	EndGlobalSection
	GlobalSection(ExtensibilityGlobals) = postSolution
		SolutionGuid = {F88F7E62-ECF3-426A-B4E9-EB50BBEE350A}
	EndGlobalSection
EndGlobal
